
Microsoft Visual Studio Solution File, Format Version 12.00
Project("{FAE04EC0-301F-11D3-BF4B-00C04F79EFBC}") = "SeleniumParser", "SeleniumParser.csproj", "{DB47E118-94F2-42F2-A182-30C4E4A6473E}"
EndProject
Project("{FAE04EC0-301F-11D3-BF4B-00C04F79EFBC}") = "Selenium.Core", "Selenium.Core\Selenium.Core.csproj", "{CBA3F9CE-A732-4001-96D7-0402207CD6D4}"
EndProject
Global
	GlobalSection(SolutionConfigurationPlatforms) = preSolution
		Debug|Any CPU = Debug|Any CPU
		Release|Any CPU = Release|Any CPU
	EndGlobalSection
	GlobalSection(ProjectConfigurationPlatforms) = postSolution
		{DB47E118-94F2-42F2-A182-30C4E4A6473E}.Debug|Any CPU.ActiveCfg = Debug|Any CPU
		{DB47E118-94F2-42F2-A182-30C4E4A6473E}.Debug|Any CPU.Build.0 = Debug|Any CPU
		{DB47E118-94F2-42F2-A182-30C4E4A6473E}.Release|Any CPU.ActiveCfg = Release|Any CPU
		{DB47E118-94F2-42F2-A182-30C4E4A6473E}.Release|Any CPU.Build.0 = Release|Any CPU
		{CBA3F9CE-A732-4001-96D7-0402207CD6D4}.Debug|Any CPU.ActiveCfg = Debug|Any CPU
		{CBA3F9CE-A732-4001-96D7-0402207CD6D4}.Debug|Any CPU.Build.0 = Debug|Any CPU
		{CBA3F9CE-A732-4001-96D7-0402207CD6D4}.Release|Any CPU.ActiveCfg = Release|Any CPU
		{CBA3F9CE-A732-4001-96D7-0402207CD6D4}.Release|Any CPU.Build.0 = Release|Any CPU
	EndGlobalSection
EndGlobal
